<?xml version="1.0" encoding="utf-8"?>
<Project ToolsVersion="4.0" xmlns="http://schemas.microsoft.com/developer/msbuild/2003">
  <ItemGroup>
    <ApplicationDefinition Include="App.xaml" />
  </ItemGroup>
  <ItemGroup>
    <ClCompile Include="App.xaml.cpp" />
    <ClCompile Include="DrawPage.xaml.cpp" />
    <ClCompile Include="MainPage.xaml.cpp" />
    <ClCompile Include="pch.cpp" />
    <ClCompile Include="AddEllipseCommand.cpp">
      <Filter>Commands</Filter>
    </ClCompile>
    <ClCompile Include="AddRectangleCommand.cpp">
      <Filter>Commands</Filter>
    </ClCompile>
    <ClCompile Include="ChangeColorCommand.cpp">
      <Filter>Commands</Filter>
    </ClCompile>
    <ClCompile Include="CommandStack.cpp">
      <Filter>CommandStack</Filter>
    </ClCompile>
    <ClCompile Include="DeleteCommand.cpp">
      <Filter>Commands</Filter>
    </ClCompile>
    <ClCompile Include="Ellipse.cpp">
      <Filter>Objects</Filter>
    </ClCompile>
    <ClCompile Include="Rectangle.cpp">
      <Filter>Objects</Filter>
    </ClCompile>
    <ClCompile Include="Shape.cpp">
      <Filter>Objects</Filter>
    </ClCompile>
    <ClCompile Include="Saver.cpp">
      <Filter>Saver</Filter>
    </ClCompile>
    <ClCompile Include="ShapeDeleteVisitor.cpp">
      <Filter>Visitor</Filter>
    </ClCompile>
    <ClCompile Include="ShapeAddVisitor.cpp">
      <Filter>Visitor</Filter>
    </ClCompile>
    <ClCompile Include="GroupCommand.cpp">
      <Filter>Commands</Filter>
    </ClCompile>
    <ClCompile Include="ShapeDecorator.cpp">
      <Filter>Decorators</Filter>
    </ClCompile>
    <ClCompile Include="ChangeGroupColorCommand.cpp">
      <Filter>Commands</Filter>
    </ClCompile>
    <ClCompile Include="ChangeGroupColorVisitor.cpp">
      <Filter>Visitor</Filter>
    </ClCompile>
    <ClCompile Include="ChangeGroupColorBackVisitor.cpp" />
    <ClCompile Include="Loader.cpp">
      <Filter>Loader</Filter>
    </ClCompile>
  </ItemGroup>
  <ItemGroup>
    <ClInclude Include="DrawPage.xaml.h" />
    <ClInclude Include="pch.h" />
    <ClInclude Include="App.xaml.h" />
    <ClInclude Include="MainPage.xaml.h" />
    <ClInclude Include="AddEllipseCommand.h">
      <Filter>Commands</Filter>
    </ClInclude>
    <ClInclude Include="AddRectangleCommand.h">
      <Filter>Commands</Filter>
    </ClInclude>
    <ClInclude Include="ChangeColorCommand.h">
      <Filter>Commands</Filter>
    </ClInclude>
    <ClInclude Include="Command.h">
      <Filter>Commands</Filter>
    </ClInclude>
    <ClInclude Include="CommandStack.h">
      <Filter>CommandStack</Filter>
    </ClInclude>
    <ClInclude Include="DeleteCommand.h">
      <Filter>Commands</Filter>
    </ClInclude>
    <ClInclude Include="Ellipse.h">
      <Filter>Objects</Filter>
    </ClInclude>
    <ClInclude Include="Rectangle.h">
      <Filter>Objects</Filter>
    </ClInclude>
    <ClInclude Include="Shape.h">
      <Filter>Objects</Filter>
    </ClInclude>
    <ClInclude Include="Saver.h">
      <Filter>Saver</Filter>
    </ClInclude>
    <ClInclude Include="ShapeVisitor.h">
      <Filter>Visitor</Filter>
    </ClInclude>
    <ClInclude Include="ShapeDeleteVisitor.h">
      <Filter>Visitor</Filter>
    </ClInclude>
    <ClInclude Include="ShapeAccept.h">
      <Filter>Visitor</Filter>
    </ClInclude>
    <ClInclude Include="ShapeAddVisitor.h">
      <Filter>Visitor</Filter>
    </ClInclude>
    <ClInclude Include="GroupCommand.h">
      <Filter>Commands</Filter>
    </ClInclude>
    <ClInclude Include="ShapeDecorator.h">
      <Filter>Decorators</Filter>
    </ClInclude>
    <ClInclude Include="ChangeGroupColorCommand.h">
      <Filter>Commands</Filter>
    </ClInclude>
    <ClInclude Include="ChangeGroupColorVisitor.h">
      <Filter>Visitor</Filter>
    </ClInclude>
    <ClInclude Include="ChangeGroupColorBackVisitor.h" />
    <ClInclude Include="Loader.h">
      <Filter>Loader</Filter>
    </ClInclude>
  </ItemGroup>
  <ItemGroup>
    <Image Include="Assets\LockScreenLogo.scale-200.png" />
    <Image Include="Assets\SplashScreen.scale-200.png" />
    <Image Include="Assets\Square150x150Logo.scale-200.png" />
    <Image Include="Assets\Square44x44Logo.scale-200.png" />
    <Image Include="Assets\Square44x44Logo.targetsize-24_altform-unplated.png" />
    <Image Include="Assets\StoreLogo.png" />
    <Image Include="Assets\Wide310x150Logo.scale-200.png" />
    <Image Include="trianglify.png" />
  </ItemGroup>
  <ItemGroup>
    <AppxManifest Include="Package.appxmanifest" />
  </ItemGroup>
  <ItemGroup>
    <None Include="c++ GUI Drawing_TemporaryKey.pfx" />
  </ItemGroup>
  <ItemGroup>
    <Page Include="DrawPage.xaml" />
    <Page Include="MainPage.xaml" />
  </ItemGroup>
  <ItemGroup>
    <Filter Include="Commands">
      <UniqueIdentifier>{08035890-e6d9-4950-8cd8-96458d31db9c}</UniqueIdentifier>
    </Filter>
    <Filter Include="Objects">
      <UniqueIdentifier>{0f33de58-58cd-4a5d-96e8-e8015f2054b6}</UniqueIdentifier>
    </Filter>
    <Filter Include="CommandStack">
      <UniqueIdentifier>{e85707ab-f5e3-46f4-a74d-5aef89e08343}</UniqueIdentifier>
    </Filter>
    <Filter Include="Saver">
      <UniqueIdentifier>{cf8750c3-054f-447e-994e-12472bc3ab55}</UniqueIdentifier>
    </Filter>
    <Filter Include="Visitor">
      <UniqueIdentifier>{810c9cb7-25b5-46bf-b930-f58173dcab0a}</UniqueIdentifier>
    </Filter>
    <Filter Include="Decorators">
      <UniqueIdentifier>{b53d80ce-7f8a-436d-bdc7-05c3d8d03df2}</UniqueIdentifier>
    </Filter>
    <Filter Include="Loader">
      <UniqueIdentifier>{3ffb1cf9-21ba-4beb-83c0-644980f91c4d}</UniqueIdentifier>
    </Filter>
  </ItemGroup>
</Project>